
Microsoft Visual Studio Solution File, Format Version 12.00
# Visual Studio 15
VisualStudioVersion = 15.0.26730.16
MinimumVisualStudioVersion = 10.0.40219.1
Project("{159641D6-6404-4A2A-AE62-294DE0FE8301}") = "wine_ssis", "wine_ssis\wine_ssis.dtproj", "{958014E4-5B26-463D-88A8-F784C136BC05}"
EndProject
Project("{00D1A9C2-B5F0-4AF3-8072-F6C62B433612}") = "wine_DB", "wine_DB\wine_DB.sqlproj", "{E48A0599-6200-4D77-96C5-3CA5D2FE6F1C}"
EndProject
Global
	GlobalSection(SolutionConfigurationPlatforms) = preSolution
		Debug|Any CPU = Debug|Any CPU
		Development|Any CPU = Development|Any CPU
		Release|Any CPU = Release|Any CPU
	EndGlobalSection
	GlobalSection(ProjectConfigurationPlatforms) = postSolution
		{958014E4-5B26-463D-88A8-F784C136BC05}.Debug|Any CPU.ActiveCfg = Development
		{958014E4-5B26-463D-88A8-F784C136BC05}.Debug|Any CPU.Build.0 = Development
		{958014E4-5B26-463D-88A8-F784C136BC05}.Development|Any CPU.ActiveCfg = Development
		{958014E4-5B26-463D-88A8-F784C136BC05}.Development|Any CPU.Build.0 = Development
		{958014E4-5B26-463D-88A8-F784C136BC05}.Release|Any CPU.ActiveCfg = Development
		{958014E4-5B26-463D-88A8-F784C136BC05}.Release|Any CPU.Build.0 = Development
		{E48A0599-6200-4D77-96C5-3CA5D2FE6F1C}.Debug|Any CPU.ActiveCfg = Debug|Any CPU
		{E48A0599-6200-4D77-96C5-3CA5D2FE6F1C}.Debug|Any CPU.Build.0 = Debug|Any CPU
		{E48A0599-6200-4D77-96C5-3CA5D2FE6F1C}.Debug|Any CPU.Deploy.0 = Debug|Any CPU
		{E48A0599-6200-4D77-96C5-3CA5D2FE6F1C}.Development|Any CPU.ActiveCfg = Debug|Any CPU
		{E48A0599-6200-4D77-96C5-3CA5D2FE6F1C}.Development|Any CPU.Build.0 = Debug|Any CPU
		{E48A0599-6200-4D77-96C5-3CA5D2FE6F1C}.Development|Any CPU.Deploy.0 = Debug|Any CPU
		{E48A0599-6200-4D77-96C5-3CA5D2FE6F1C}.Release|Any CPU.ActiveCfg = Release|Any CPU
		{E48A0599-6200-4D77-96C5-3CA5D2FE6F1C}.Release|Any CPU.Build.0 = Release|Any CPU
		{E48A0599-6200-4D77-96C5-3CA5D2FE6F1C}.Release|Any CPU.Deploy.0 = Release|Any CPU
	EndGlobalSection
	GlobalSection(SolutionProperties) = preSolution
		HideSolutionNode = FALSE
	EndGlobalSection
	GlobalSection(ExtensibilityGlobals) = postSolution
		SolutionGuid = {0421BE0C-8574-43D3-83EC-0E93C04CA28E}
	EndGlobalSection
EndGlobal
